
Microsoft Visual Studio Solution File, Format Version 12.00
# Visual Studio Version 17
VisualStudioVersion = 17.11.35118.90
MinimumVisualStudioVersion = 10.0.40219.1
Project("{9A19103F-16F7-4668-BE54-9A1E7A4F7556}") = "OrionBank.Silo", "OrionBank.Silo\OrionBank.Silo.csproj", "{99C4EF89-D2A8-4711-BFC3-DA7687DC46C5}"
EndProject
Project("{9A19103F-16F7-4668-BE54-9A1E7A4F7556}") = "OrionBank.Abstractions", "OrionBank.Abstractions\OrionBank.Abstractions.csproj", "{7F35C98A-68CD-40BE-8749-EA91687475F7}"
EndProject
Project("{9A19103F-16F7-4668-BE54-9A1E7A4F7556}") = "OrionBank.Grains", "OrionBank.Grains\OrionBank.Grains.csproj", "{7C5CDF2C-2199-4E98-81F1-AE3B7C96F2D1}"
EndProject
Project("{FAE04EC0-301F-11D3-BF4B-00C04F79EFBC}") = "OrionBank.Client", "OrionBank.Client\OrionBank.Client.csproj", "{5AA6B65D-73F4-443D-B6C2-B31C0FDE39EA}"
EndProject
Global
	GlobalSection(SolutionConfigurationPlatforms) = preSolution
		Debug|Any CPU = Debug|Any CPU
		Release|Any CPU = Release|Any CPU
	EndGlobalSection
	GlobalSection(ProjectConfigurationPlatforms) = postSolution
		{99C4EF89-D2A8-4711-BFC3-DA7687DC46C5}.Debug|Any CPU.ActiveCfg = Debug|Any CPU
		{99C4EF89-D2A8-4711-BFC3-DA7687DC46C5}.Debug|Any CPU.Build.0 = Debug|Any CPU
		{99C4EF89-D2A8-4711-BFC3-DA7687DC46C5}.Release|Any CPU.ActiveCfg = Release|Any CPU
		{99C4EF89-D2A8-4711-BFC3-DA7687DC46C5}.Release|Any CPU.Build.0 = Release|Any CPU
		{7F35C98A-68CD-40BE-8749-EA91687475F7}.Debug|Any CPU.ActiveCfg = Debug|Any CPU
		{7F35C98A-68CD-40BE-8749-EA91687475F7}.Debug|Any CPU.Build.0 = Debug|Any CPU
		{7F35C98A-68CD-40BE-8749-EA91687475F7}.Release|Any CPU.ActiveCfg = Release|Any CPU
		{7F35C98A-68CD-40BE-8749-EA91687475F7}.Release|Any CPU.Build.0 = Release|Any CPU
		{7C5CDF2C-2199-4E98-81F1-AE3B7C96F2D1}.Debug|Any CPU.ActiveCfg = Debug|Any CPU
		{7C5CDF2C-2199-4E98-81F1-AE3B7C96F2D1}.Debug|Any CPU.Build.0 = Debug|Any CPU
		{7C5CDF2C-2199-4E98-81F1-AE3B7C96F2D1}.Release|Any CPU.ActiveCfg = Release|Any CPU
		{7C5CDF2C-2199-4E98-81F1-AE3B7C96F2D1}.Release|Any CPU.Build.0 = Release|Any CPU
		{5AA6B65D-73F4-443D-B6C2-B31C0FDE39EA}.Debug|Any CPU.ActiveCfg = Debug|Any CPU
		{5AA6B65D-73F4-443D-B6C2-B31C0FDE39EA}.Debug|Any CPU.Build.0 = Debug|Any CPU
		{5AA6B65D-73F4-443D-B6C2-B31C0FDE39EA}.Release|Any CPU.ActiveCfg = Release|Any CPU
		{5AA6B65D-73F4-443D-B6C2-B31C0FDE39EA}.Release|Any CPU.Build.0 = Release|Any CPU
	EndGlobalSection
	GlobalSection(SolutionProperties) = preSolution
		HideSolutionNode = FALSE
	EndGlobalSection
	GlobalSection(ExtensibilityGlobals) = postSolution
		SolutionGuid = {4B8BF385-2432-48B7-8979-03B206C158BA}
	EndGlobalSection
EndGlobal
